
Microsoft Visual Studio Solution File, Format Version 12.00
# Visual Studio Version 16
VisualStudioVersion = 16.0.31702.278
MinimumVisualStudioVersion = 10.0.40219.1
Project("{9A19103F-16F7-4668-BE54-9A1E7A4F7556}") = "DevIO.Business", "src\DevIO.Business\DevIO.Business.csproj", "{522B1BD0-8B85-49B0-BEA9-3DDF62BA3D71}"
EndProject
Project("{9A19103F-16F7-4668-BE54-9A1E7A4F7556}") = "DevIO.Data", "src\DevIO.Data\DevIO.Data.csproj", "{40DAAAA4-8BE5-444D-9319-0B6748B04E6D}"
EndProject
Project("{FAE04EC0-301F-11D3-BF4B-00C04F79EFBC}") = "DevIO.Api", "src\DevIO.Api\DevIO.Api.csproj", "{FDA96A73-E2F1-4971-B039-67C0352E0F3B}"
EndProject
Global
	GlobalSection(SolutionConfigurationPlatforms) = preSolution
		Debug|Any CPU = Debug|Any CPU
		Release|Any CPU = Release|Any CPU
	EndGlobalSection
	GlobalSection(ProjectConfigurationPlatforms) = postSolution
		{522B1BD0-8B85-49B0-BEA9-3DDF62BA3D71}.Debug|Any CPU.ActiveCfg = Debug|Any CPU
		{522B1BD0-8B85-49B0-BEA9-3DDF62BA3D71}.Debug|Any CPU.Build.0 = Debug|Any CPU
		{522B1BD0-8B85-49B0-BEA9-3DDF62BA3D71}.Release|Any CPU.ActiveCfg = Release|Any CPU
		{522B1BD0-8B85-49B0-BEA9-3DDF62BA3D71}.Release|Any CPU.Build.0 = Release|Any CPU
		{40DAAAA4-8BE5-444D-9319-0B6748B04E6D}.Debug|Any CPU.ActiveCfg = Debug|Any CPU
		{40DAAAA4-8BE5-444D-9319-0B6748B04E6D}.Debug|Any CPU.Build.0 = Debug|Any CPU
		{40DAAAA4-8BE5-444D-9319-0B6748B04E6D}.Release|Any CPU.ActiveCfg = Release|Any CPU
		{40DAAAA4-8BE5-444D-9319-0B6748B04E6D}.Release|Any CPU.Build.0 = Release|Any CPU
		{FDA96A73-E2F1-4971-B039-67C0352E0F3B}.Debug|Any CPU.ActiveCfg = Debug|Any CPU
		{FDA96A73-E2F1-4971-B039-67C0352E0F3B}.Debug|Any CPU.Build.0 = Debug|Any CPU
		{FDA96A73-E2F1-4971-B039-67C0352E0F3B}.Release|Any CPU.ActiveCfg = Release|Any CPU
		{FDA96A73-E2F1-4971-B039-67C0352E0F3B}.Release|Any CPU.Build.0 = Release|Any CPU
	EndGlobalSection
	GlobalSection(SolutionProperties) = preSolution
		HideSolutionNode = FALSE
	EndGlobalSection
	GlobalSection(ExtensibilityGlobals) = postSolution
		SolutionGuid = {A43F4A15-DA73-4783-A049-471F5AD32040}
	EndGlobalSection
EndGlobal
